// !$*UTF8*$!
{
	archiveVersion = 1;
	classes = {
	};
	objectVersion = 46;
	objects = {

/* Begin PBXBuildFile section */
		B8BE9A311CC4842400D46851 /* main.m in Sources */ = {isa = PBXBuildFile; fileRef = B8BE9A301CC4842400D46851 /* main.m */; };
		B8BE9A341CC4842400D46851 /* AppDelegate.m in Sources */ = {isa = PBXBuildFile; fileRef = B8BE9A331CC4842400D46851 /* AppDelegate.m */; };
		B8BE9A371CC4842400D46851 /* ViewController.m in Sources */ = {isa = PBXBuildFile; fileRef = B8BE9A361CC4842400D46851 /* ViewController.m */; };
		B8BE9A3A1CC4842400D46851 /* Main.storyboard in Resources */ = {isa = PBXBuildFile; fileRef = B8BE9A381CC4842400D46851 /* Main.storyboard */; };
		B8BE9A3C1CC4842400D46851 /* Assets.xcassets in Resources */ = {isa = PBXBuildFile; fileRef = B8BE9A3B1CC4842400D46851 /* Assets.xcassets */; };
		B8BE9A3F1CC4842400D46851 /* LaunchScreen.storyboard in Resources */ = {isa = PBXBuildFile; fileRef = B8BE9A3D1CC4842400D46851 /* LaunchScreen.storyboard */; };
		B8BE9A4A1CC4842400D46851 /* OW_KeyboardTests.m in Sources */ = {isa = PBXBuildFile; fileRef = B8BE9A491CC4842400D46851 /* OW_KeyboardTests.m */; };
		B8BE9A551CC4842400D46851 /* OW_KeyboardUITests.m in Sources */ = {isa = PBXBuildFile; fileRef = B8BE9A541CC4842400D46851 /* OW_KeyboardUITests.m */; };
		B8BE9A661CC4845000D46851 /* OW_Keyboard.bundle in Resources */ = {isa = PBXBuildFile; fileRef = B8BE9A631CC4845000D46851 /* OW_Keyboard.bundle */; };
		B8BE9A671CC4845000D46851 /* OW_Keyboard.m in Sources */ = {isa = PBXBuildFile; fileRef = B8BE9A651CC4845000D46851 /* OW_Keyboard.m */; };
/* End PBXBuildFile section */

/* Begin PBXContainerItemProxy section */
		B8BE9A461CC4842400D46851 /* PBXContainerItemProxy */ = {
			isa = PBXContainerItemProxy;
			containerPortal = B8BE9A241CC4842400D46851 /* Project object */;
			proxyType = 1;
			remoteGlobalIDString = B8BE9A2B1CC4842400D46851;
			remoteInfo = OW_Keyboard;
		};
		B8BE9A511CC4842400D46851 /* PBXContainerItemProxy */ = {
			isa = PBXContainerItemProxy;
			containerPortal = B8BE9A241CC4842400D46851 /* Project object */;
			proxyType = 1;
			remoteGlobalIDString = B8BE9A2B1CC4842400D46851;
			remoteInfo = OW_Keyboard;
		};
/* End PBXContainerItemProxy section */

/* Begin PBXFileReference section */
		B8BE9A2C1CC4842400D46851 /* OW_Keyboard.app */ = {isa = PBXFileReference; explicitFileType = wrapper.application; includeInIndex = 0; path = OW_Keyboard.app; sourceTree = BUILT_PRODUCTS_DIR; };
		B8BE9A301CC4842400D46851 /* main.m */ = {isa = PBXFileReference; lastKnownFileType = sourcecode.c.objc; path = main.m; sourceTree = "<group>"; };
		B8BE9A321CC4842400D46851 /* AppDelegate.h */ = {isa = PBXFileReference; lastKnownFileType = sourcecode.c.h; path = AppDelegate.h; sourceTree = "<group>"; };
		B8BE9A331CC4842400D46851 /* AppDelegate.m */ = {isa = PBXFileReference; lastKnownFileType = sourcecode.c.objc; path = AppDelegate.m; sourceTree = "<group>"; };
		B8BE9A351CC4842400D46851 /* ViewController.h */ = {isa = PBXFileReference; lastKnownFileType = sourcecode.c.h; path = ViewController.h; sourceTree = "<group>"; };
		B8BE9A361CC4842400D46851 /* ViewController.m */ = {isa = PBXFileReference; lastKnownFileType = sourcecode.c.objc; path = ViewController.m; sourceTree = "<group>"; };
		B8BE9A391CC4842400D46851 /* Base */ = {isa = PBXFileReference; lastKnownFileType = file.storyboard; name = Base; path = Base.lproj/Main.storyboard; sourceTree = "<group>"; };
		B8BE9A3B1CC4842400D46851 /* Assets.xcassets */ = {isa = PBXFileReference; lastKnownFileType = folder.assetcatalog; path = Assets.xcassets; sourceTree = "<group>"; };
		B8BE9A3E1CC4842400D46851 /* Base */ = {isa = PBXFileReference; lastKnownFileType = file.storyboard; name = Base; path = Base.lproj/LaunchScreen.storyboard; sourceTree = "<group>"; };
		B8BE9A401CC4842400D46851 /* Info.plist */ = {isa = PBXFileReference; lastKnownFileType = text.plist.xml; path = Info.plist; sourceTree = "<group>"; };
		B8BE9A451CC4842400D46851 /* OW_KeyboardTests.xctest */ = {isa = PBXFileReference; explicitFileType = wrapper.cfbundle; includeInIndex = 0; path = OW_KeyboardTests.xctest; sourceTree = BUILT_PRODUCTS_DIR; };
		B8BE9A491CC4842400D46851 /* OW_KeyboardTests.m */ = {isa = PBXFileReference; lastKnownFileType = sourcecode.c.objc; path = OW_KeyboardTests.m; sourceTree = "<group>"; };
		B8BE9A4B1CC4842400D46851 /* Info.plist */ = {isa = PBXFileReference; lastKnownFileType = text.plist.xml; path = Info.plist; sourceTree = "<group>"; };
		B8BE9A501CC4842400D46851 /* OW_KeyboardUITests.xctest */ = {isa = PBXFileReference; explicitFileType = wrapper.cfbundle; includeInIndex = 0; path = OW_KeyboardUITests.xctest; sourceTree = BUILT_PRODUCTS_DIR; };
		B8BE9A541CC4842400D46851 /* OW_KeyboardUITests.m */ = {isa = PBXFileReference; lastKnownFileType = sourcecode.c.objc; path = OW_KeyboardUITests.m; sourceTree = "<group>"; };
		B8BE9A561CC4842400D46851 /* Info.plist */ = {isa = PBXFileReference; lastKnownFileType = text.plist.xml; path = Info.plist; sourceTree = "<group>"; };
		B8BE9A631CC4845000D46851 /* OW_Keyboard.bundle */ = {isa = PBXFileReference; lastKnownFileType = "wrapper.plug-in"; path = OW_Keyboard.bundle; sourceTree = "<group>"; };
		B8BE9A641CC4845000D46851 /* OW_Keyboard.h */ = {isa = PBXFileReference; fileEncoding = 4; lastKnownFileType = sourcecode.c.h; path = OW_Keyboard.h; sourceTree = "<group>"; };
		B8BE9A651CC4845000D46851 /* OW_Keyboard.m */ = {isa = PBXFileReference; fileEncoding = 4; lastKnownFileType = sourcecode.c.objc; path = OW_Keyboard.m; sourceTree = "<group>"; };
/* End PBXFileReference section */

/* Begin PBXFrameworksBuildPhase section */
		B8BE9A291CC4842400D46851 /* Frameworks */ = {
			isa = PBXFrameworksBuildPhase;
			buildActionMask = 2147483647;
			files = (
			);
			runOnlyForDeploymentPostprocessing = 0;
		};
		B8BE9A421CC4842400D46851 /* Frameworks */ = {
			isa = PBXFrameworksBuildPhase;
			buildActionMask = 2147483647;
			files = (
			);
			runOnlyForDeploymentPostprocessing = 0;
		};
		B8BE9A4D1CC4842400D46851 /* Frameworks */ = {
			isa = PBXFrameworksBuildPhase;
			buildActionMask = 2147483647;
			files = (
			);
			runOnlyForDeploymentPostprocessing = 0;
		};
/* End PBXFrameworksBuildPhase section */

/* Begin PBXGroup section */
		B8BE9A231CC4842400D46851 = {
			isa = PBXGroup;
			children = (
				B8BE9A621CC4845000D46851 /* OW_Keyboard */,
				B8BE9A2E1CC4842400D46851 /* OW_Keyboard */,
				B8BE9A481CC4842400D46851 /* OW_KeyboardTests */,
				B8BE9A531CC4842400D46851 /* OW_KeyboardUITests */,
				B8BE9A2D1CC4842400D46851 /* Products */,
			);
			sourceTree = "<group>";
		};
		B8BE9A2D1CC4842400D46851 /* Products */ = {
			isa = PBXGroup;
			children = (
				B8BE9A2C1CC4842400D46851 /* OW_Keyboard.app */,
				B8BE9A451CC4842400D46851 /* OW_KeyboardTests.xctest */,
				B8BE9A501CC4842400D46851 /* OW_KeyboardUITests.xctest */,
			);
			name = Products;
			sourceTree = "<group>";
		};
		B8BE9A2E1CC4842400D46851 /* OW_Keyboard */ = {
			isa = PBXGroup;
			children = (
				B8BE9A321CC4842400D46851 /* AppDelegate.h */,
				B8BE9A331CC4842400D46851 /* AppDelegate.m */,
				B8BE9A351CC4842400D46851 /* ViewController.h */,
				B8BE9A361CC4842400D46851 /* ViewController.m */,
				B8BE9A381CC4842400D46851 /* Main.storyboard */,
				B8BE9A3B1CC4842400D46851 /* Assets.xcassets */,
				B8BE9A3D1CC4842400D46851 /* LaunchScreen.storyboard */,
				B8BE9A401CC4842400D46851 /* Info.plist */,
				B8BE9A2F1CC4842400D46851 /* Supporting Files */,
			);
			path = OW_Keyboard;
			sourceTree = "<group>";
		};
		B8BE9A2F1CC4842400D46851 /* Supporting Files */ = {
			isa = PBXGroup;
			children = (
				B8BE9A301CC4842400D46851 /* main.m */,
			);
			name = "Supporting Files";
			sourceTree = "<group>";
		};
		B8BE9A481CC4842400D46851 /* OW_KeyboardTests */ = {
			isa = PBXGroup;
			children = (
				B8BE9A491CC4842400D46851 /* OW_KeyboardTests.m */,
				B8BE9A4B1CC4842400D46851 /* Info.plist */,
			);
			path = OW_KeyboardTests;
			sourceTree = "<group>";
		};
		B8BE9A531CC4842400D46851 /* OW_KeyboardUITests */ = {
			isa = PBXGroup;
			children = (
				B8BE9A541CC4842400D46851 /* OW_KeyboardUITests.m */,
				B8BE9A561CC4842400D46851 /* Info.plist */,
			);
			path = OW_KeyboardUITests;
			sourceTree = "<group>";
		};
		B8BE9A621CC4845000D46851 /* OW_Keyboard */ = {
			isa = PBXGroup;
			children = (
				B8BE9A631CC4845000D46851 /* OW_Keyboard.bundle */,
				B8BE9A641CC4845000D46851 /* OW_Keyboard.h */,
				B8BE9A651CC4845000D46851 /* OW_Keyboard.m */,
			);
			name = OW_Keyboard;
			path = ../OW_Keyboard;
			sourceTree = "<group>";
		};
/* End PBXGroup section */

/* Begin PBXNativeTarget section */
		B8BE9A2B1CC4842400D46851 /* OW_Keyboard */ = {
			isa = PBXNativeTarget;
			buildConfigurationList = B8BE9A591CC4842400D46851 /* Build configuration list for PBXNativeTarget "OW_Keyboard" */;
			buildPhases = (
				B8BE9A281CC4842400D46851 /* Sources */,
				B8BE9A291CC4842400D46851 /* Frameworks */,
				B8BE9A2A1CC4842400D46851 /* Resources */,
			);
			buildRules = (
			);
			dependencies = (
			);
			name = OW_Keyboard;
			productName = OW_Keyboard;
			productReference = B8BE9A2C1CC4842400D46851 /* OW_Keyboard.app */;
			productType = "com.apple.product-type.application";
		};
		B8BE9A441CC4842400D46851 /* OW_KeyboardTests */ = {
			isa = PBXNativeTarget;
			buildConfigurationList = B8BE9A5C1CC4842400D46851 /* Build configuration list for PBXNativeTarget "OW_KeyboardTests" */;
			buildPhases = (
				B8BE9A411CC4842400D46851 /* Sources */,
				B8BE9A421CC4842400D46851 /* Frameworks */,
				B8BE9A431CC4842400D46851 /* Resources */,
			);
			buildRules = (
			);
			dependencies = (
				B8BE9A471CC4842400D46851 /* PBXTargetDependency */,
			);
			name = OW_KeyboardTests;
			productName = OW_KeyboardTests;
			productReference = B8BE9A451CC4842400D46851 /* OW_KeyboardTests.xctest */;
			productType = "com.apple.product-type.bundle.unit-test";
		};
		B8BE9A4F1CC4842400D46851 /* OW_KeyboardUITests */ = {
			isa = PBXNativeTarget;
			buildConfigurationList = B8BE9A5F1CC4842400D46851 /* Build configuration list for PBXNativeTarget "OW_KeyboardUITests" */;
			buildPhases = (
				B8BE9A4C1CC4842400D46851 /* Sources */,
				B8BE9A4D1CC4842400D46851 /* Frameworks */,
				B8BE9A4E1CC4842400D46851 /* Resources */,
			);
			buildRules = (
			);
			dependencies = (
				B8BE9A521CC4842400D46851 /* PBXTargetDependency */,
			);
			name = OW_KeyboardUITests;
			productName = OW_KeyboardUITests;
			productReference = B8BE9A501CC4842400D46851 /* OW_KeyboardUITests.xctest */;
			productType = "com.apple.product-type.bundle.ui-testing";
		};
/* End PBXNativeTarget section */

/* Begin PBXProject section */
		B8BE9A241CC4842400D46851 /* Project object */ = {
			isa = PBXProject;
			attributes = {
				LastUpgradeCheck = 0730;
				ORGANIZATIONNAME = Old.Wang;
				TargetAttributes = {
					B8BE9A2B1CC4842400D46851 = {
						CreatedOnToolsVersion = 7.3;
					};
					B8BE9A441CC4842400D46851 = {
						CreatedOnToolsVersion = 7.3;
						TestTargetID = B8BE9A2B1CC4842400D46851;
					};
					B8BE9A4F1CC4842400D46851 = {
						CreatedOnToolsVersion = 7.3;
						TestTargetID = B8BE9A2B1CC4842400D46851;
					};
				};
			};
			buildConfigurationList = B8BE9A271CC4842400D46851 /* Build configuration list for PBXProject "OW_Keyboard" */;
			compatibilityVersion = "Xcode 3.2";
			developmentRegion = English;
			hasScannedForEncodings = 0;
			knownRegions = (
				en,
				Base,
			);
			mainGroup = B8BE9A231CC4842400D46851;
			productRefGroup = B8BE9A2D1CC4842400D46851 /* Products */;
			projectDirPath = "";
			projectRoot = "";
			targets = (
				B8BE9A2B1CC4842400D46851 /* OW_Keyboard */,
				B8BE9A441CC4842400D46851 /* OW_KeyboardTests */,
				B8BE9A4F1CC4842400D46851 /* OW_KeyboardUITests */,
			);
		};
/* End PBXProject section */

/* Begin PBXResourcesBuildPhase section */
		B8BE9A2A1CC4842400D46851 /* Resources */ = {
			isa = PBXResourcesBuildPhase;
			buildActionMask = 2147483647;
			files = (
				B8BE9A661CC4845000D46851 /* OW_Keyboard.bundle in Resources */,
				B8BE9A3F1CC4842400D46851 /* LaunchScreen.storyboard in Resources */,
				B8BE9A3C1CC4842400D46851 /* Assets.xcassets in Resources */,
				B8BE9A3A1CC4842400D46851 /* Main.storyboard in Resources */,
			);
			runOnlyForDeploymentPostprocessing = 0;
		};
		B8BE9A431CC4842400D46851 /* Resources */ = {
			isa = PBXResourcesBuildPhase;
			buildActionMask = 2147483647;
			files = (
			);
			runOnlyForDeploymentPostprocessing = 0;
		};
		B8BE9A4E1CC4842400D46851 /* Resources */ = {
			isa = PBXResourcesBuildPhase;
			buildActionMask = 2147483647;
			files = (
			);
			runOnlyForDeploymentPostprocessing = 0;
		};
/* End PBXResourcesBuildPhase section */

/* Begin PBXSourcesBuildPhase section */
		B8BE9A281CC4842400D46851 /* Sources */ = {
			isa = PBXSourcesBuildPhase;
			buildActionMask = 2147483647;
			files = (
				B8BE9A371CC4842400D46851 /* ViewController.m in Sources */,
				B8BE9A341CC4842400D46851 /* AppDelegate.m in Sources */,
				B8BE9A671CC4845000D46851 /* OW_Keyboard.m in Sources */,
				B8BE9A311CC4842400D46851 /* main.m in Sources */,
			);
			runOnlyForDeploymentPostprocessing = 0;
		};
		B8BE9A411CC4842400D46851 /* Sources */ = {
			isa = PBXSourcesBuildPhase;
			buildActionMask = 2147483647;
			files = (
				B8BE9A4A1CC4842400D46851 /* OW_KeyboardTests.m in Sources */,
			);
			runOnlyForDeploymentPostprocessing = 0;
		};
		B8BE9A4C1CC4842400D46851 /* Sources */ = {
			isa = PBXSourcesBuildPhase;
			buildActionMask = 2147483647;
			files = (
				B8BE9A551CC4842400D46851 /* OW_KeyboardUITests.m in Sources */,
			);
			runOnlyForDeploymentPostprocessing = 0;
		};
/* End PBXSourcesBuildPhase section */

/* Begin PBXTargetDependency section */
		B8BE9A471CC4842400D46851 /* PBXTargetDependency */ = {
			isa = PBXTargetDependency;
			target = B8BE9A2B1CC4842400D46851 /* OW_Keyboard */;
			targetProxy = B8BE9A461CC4842400D46851 /* PBXContainerItemProxy */;
		};
		B8BE9A521CC4842400D46851 /* PBXTargetDependency */ = {
			isa = PBXTargetDependency;
			target = B8BE9A2B1CC4842400D46851 /* OW_Keyboard */;
			targetProxy = B8BE9A511CC4842400D46851 /* PBXContainerItemProxy */;
		};
/* End PBXTargetDependency section */

/* Begin PBXVariantGroup section */
		B8BE9A381CC4842400D46851 /* Main.storyboard */ = {
			isa = PBXVariantGroup;
			children = (
				B8BE9A391CC4842400D46851 /* Base */,
			);
			name = Main.storyboard;
			sourceTree = "<group>";
		};
		B8BE9A3D1CC4842400D46851 /* LaunchScreen.storyboard */ = {
			isa = PBXVariantGroup;
			children = (
				B8BE9A3E1CC4842400D46851 /* Base */,
			);
			name = LaunchScreen.storyboard;
			sourceTree = "<group>";
		};
/* End PBXVariantGroup section */

/* Begin XCBuildConfiguration section */
		B8BE9A571CC4842400D46851 /* Debug */ = {
			isa = XCBuildConfiguration;
			buildSettings = {
				ALWAYS_SEARCH_USER_PATHS = NO;
				CLANG_ANALYZER_NONNULL = YES;
				CLANG_CXX_LANGUAGE_STANDARD = "gnu++0x";
				CLANG_CXX_LIBRARY = "libc++";
				CLANG_ENABLE_MODULES = YES;
				CLANG_ENABLE_OBJC_ARC = YES;
				CLANG_WARN_BOOL_CONVERSION = YES;
				CLANG_WARN_CONSTANT_CONVERSION = YES;
				CLANG_WARN_DIRECT_OBJC_ISA_USAGE = YES_ERROR;
				CLANG_WARN_EMPTY_BODY = YES;
				CLANG_WARN_ENUM_CONVERSION = YES;
				CLANG_WARN_INT_CONVERSION = YES;
				CLANG_WARN_OBJC_ROOT_CLASS = YES_ERROR;
				CLANG_WARN_UNREACHABLE_CODE = YES;
				CLANG_WARN__DUPLICATE_METHOD_MATCH = YES;
				"CODE_SIGN_IDENTITY[sdk=iphoneos*]" = "iPhone Developer";
				COPY_PHASE_STRIP = NO;
				DEBUG_INFORMATION_FORMAT = dwarf;
				ENABLE_STRICT_OBJC_MSGSEND = YES;
				ENABLE_TESTABILITY = YES;
				GCC_C_LANGUAGE_STANDARD = gnu99;
				GCC_DYNAMIC_NO_PIC = NO;
				GCC_NO_COMMON_BLOCKS = YES;
				GCC_OPTIMIZATION_LEVEL = 0;
				GCC_PREPROCESSOR_DEFINITIONS = (
					"DEBUG=1",
					"$(inherited)",
				);
				GCC_WARN_64_TO_32_BIT_CONVERSION = YES;
				GCC_WARN_ABOUT_RETURN_TYPE = YES_ERROR;
				GCC_WARN_UNDECLARED_SELECTOR = YES;
				GCC_WARN_UNINITIALIZED_AUTOS = YES_AGGRESSIVE;
				GCC_WARN_UNUSED_FUNCTION = YES;
				GCC_WARN_UNUSED_VARIABLE = YES;
				IPHONEOS_DEPLOYMENT_TARGET = 9.3;
				MTL_ENABLE_DEBUG_INFO = YES;
				ONLY_ACTIVE_ARCH = YES;
				SDKROOT = iphoneos;
			};
			name = Debug;
		};
		B8BE9A581CC4842400D46851 /* Release */ = {
			isa = XCBuildConfiguration;
			buildSettings = {
				ALWAYS_SEARCH_USER_PATHS = NO;
				CLANG_ANALYZER_NONNULL = YES;
				CLANG_CXX_LANGUAGE_STANDARD = "gnu++0x";
				CLANG_CXX_LIBRARY = "libc++";
				CLANG_ENABLE_MODULES = YES;
				CLANG_ENABLE_OBJC_ARC = YES;
				CLANG_WARN_BOOL_CONVERSION = YES;
				CLANG_WARN_CONSTANT_CONVERSION = YES;
				CLANG_WARN_DIRECT_OBJC_ISA_USAGE = YES_ERROR;
				CLANG_WARN_EMPTY_BODY = YES;
				CLANG_WARN_ENUM_CONVERSION = YES;
				CLANG_WARN_INT_CONVERSION = YES;
				CLANG_WARN_OBJC_ROOT_CLASS = YES_ERROR;
				CLANG_WARN_UNREACHABLE_CODE = YES;
				CLANG_WARN__DUPLICATE_METHOD_MATCH = YES;
				"CODE_SIGN_IDENTITY[sdk=iphoneos*]" = "iPhone Developer";
				COPY_PHASE_STRIP = NO;
				DEBUG_INFORMATION_FORMAT = "dwarf-with-dsym";
				ENABLE_NS_ASSERTIONS = NO;
				ENABLE_STRICT_OBJC_MSGSEND = YES;
				GCC_C_LANGUAGE_STANDARD = gnu99;
				GCC_NO_COMMON_BLOCKS = YES;
				GCC_WARN_64_TO_32_BIT_CONVERSION = YES;
				GCC_WARN_ABOUT_RETURN_TYPE = YES_ERROR;
				GCC_WARN_UNDECLARED_SELECTOR = YES;
				GCC_WARN_UNINITIALIZED_AUTOS = YES_AGGRESSIVE;
				GCC_WARN_UNUSED_FUNCTION = YES;
				GCC_WARN_UNUSED_VARIABLE = YES;
				IPHONEOS_DEPLOYMENT_TARGET = 9.3;
				MTL_ENABLE_DEBUG_INFO = NO;
				SDKROOT = iphoneos;
				VALIDATE_PRODUCT = YES;
			};
			name = Release;
		};
		B8BE9A5A1CC4842400D46851 /* Debug */ = {
			isa = XCBuildConfiguration;
			buildSettings = {
				ASSETCATALOG_COMPILER_APPICON_NAME = AppIcon;
				INFOPLIST_FILE = OW_Keyboard/Info.plist;
				LD_RUNPATH_SEARCH_PATHS = "$(inherited) @executable_path/Frameworks";
				PRODUCT_BUNDLE_IDENTIFIER = "Oldwang.OW-Keyboard";
				PRODUCT_NAME = "$(TARGET_NAME)";
			};
			name = Debug;
		};
		B8BE9A5B1CC4842400D46851 /* Release */ = {
			isa = XCBuildConfiguration;
			buildSettings = {
				ASSETCATALOG_COMPILER_APPICON_NAME = AppIcon;
				INFOPLIST_FILE = OW_Keyboard/Info.plist;
				LD_RUNPATH_SEARCH_PATHS = "$(inherited) @executable_path/Frameworks";
				PRODUCT_BUNDLE_IDENTIFIER = "Oldwang.OW-Keyboard";
				PRODUCT_NAME = "$(TARGET_NAME)";
			};
			name = Release;
		};
		B8BE9A5D1CC4842400D46851 /* Debug */ = {
			isa = XCBuildConfiguration;
			buildSettings = {
				BUNDLE_LOADER = "$(TEST_HOST)";
				INFOPLIST_FILE = OW_KeyboardTests/Info.plist;
				LD_RUNPATH_SEARCH_PATHS = "$(inherited) @executable_path/Frameworks @loader_path/Frameworks";
				PRODUCT_BUNDLE_IDENTIFIER = "Oldwang.OW-KeyboardTests";
				PRODUCT_NAME = "$(TARGET_NAME)";
				TEST_HOST = "$(BUILT_PRODUCTS_DIR)/OW_Keyboard.app/OW_Keyboard";
			};
			name = Debug;
		};
		B8BE9A5E1CC4842400D46851 /* Release */ = {
			isa = XCBuildConfiguration;
			buildSettings = {
				BUNDLE_LOADER = "$(TEST_HOST)";
				INFOPLIST_FILE = OW_KeyboardTests/Info.plist;
				LD_RUNPATH_SEARCH_PATHS = "$(inherited) @executable_path/Frameworks @loader_path/Frameworks";
				PRODUCT_BUNDLE_IDENTIFIER = "Oldwang.OW-KeyboardTests";
				PRODUCT_NAME = "$(TARGET_NAME)";
				TEST_HOST = "$(BUILT_PRODUCTS_DIR)/OW_Keyboard.app/OW_Keyboard";
			};
			name = Release;
		};
		B8BE9A601CC4842400D46851 /* Debug */ = {
			isa = XCBuildConfiguration;
			buildSettings = {
				INFOPLIST_FILE = OW_KeyboardUITests/Info.plist;
				LD_RUNPATH_SEARCH_PATHS = "$(inherited) @executable_path/Frameworks @loader_path/Frameworks";
				PRODUCT_BUNDLE_IDENTIFIER = "Oldwang.OW-KeyboardUITests";
				PRODUCT_NAME = "$(TARGET_NAME)";
				TEST_TARGET_NAME = OW_Keyboard;
			};
			name = Debug;
		};
		B8BE9A611CC4842400D46851 /* Release */ = {
			isa = XCBuildConfiguration;
			buildSettings = {
				INFOPLIST_FILE = OW_KeyboardUITests/Info.plist;
				LD_RUNPATH_SEARCH_PATHS = "$(inherited) @executable_path/Frameworks @loader_path/Frameworks";
				PRODUCT_BUNDLE_IDENTIFIER = "Oldwang.OW-KeyboardUITests";
				PRODUCT_NAME = "$(TARGET_NAME)";
				TEST_TARGET_NAME = OW_Keyboard;
			};
			name = Release;
		};
/* End XCBuildConfiguration section */

/* Begin XCConfigurationList section */
		B8BE9A271CC4842400D46851 /* Build configuration list for PBXProject "OW_Keyboard" */ = {
			isa = XCConfigurationList;
			buildConfigurations = (
				B8BE9A571CC4842400D46851 /* Debug */,
				B8BE9A581CC4842400D46851 /* Release */,
			);
			defaultConfigurationIsVisible = 0;
			defaultConfigurationName = Release;
		};
		B8BE9A591CC4842400D46851 /* Build configuration list for PBXNativeTarget "OW_Keyboard" */ = {
			isa = XCConfigurationList;
			buildConfigurations = (
				B8BE9A5A1CC4842400D46851 /* Debug */,
				B8BE9A5B1CC4842400D46851 /* Release */,
			);
			defaultConfigurationIsVisible = 0;
			defaultConfigurationName = Release;
		};
		B8BE9A5C1CC4842400D46851 /* Build configuration list for PBXNativeTarget "OW_KeyboardTests" */ = {
			isa = XCConfigurationList;
			buildConfigurations = (
				B8BE9A5D1CC4842400D46851 /* Debug */,
				B8BE9A5E1CC4842400D46851 /* Release */,
			);
			defaultConfigurationIsVisible = 0;
			defaultConfigurationName = Release;
		};
		B8BE9A5F1CC4842400D46851 /* Build configuration list for PBXNativeTarget "OW_KeyboardUITests" */ = {
			isa = XCConfigurationList;
			buildConfigurations = (
				B8BE9A601CC4842400D46851 /* Debug */,
				B8BE9A611CC4842400D46851 /* Release */,
			);
			defaultConfigurationIsVisible = 0;
			defaultConfigurationName = Release;
		};
/* End XCConfigurationList section */
	};
	rootObject = B8BE9A241CC4842400D46851 /* Project object */;
}
